
Microsoft Visual Studio Solution File, Format Version 12.00
# Visual Studio Version 17
VisualStudioVersion = 17.3.32922.545
MinimumVisualStudioVersion = 10.0.40219.1
Project("{FAE04EC0-301F-11D3-BF4B-00C04F79EFBC}") = "ICW", "ICW\ICW.csproj", "{8A05F954-84D1-49F6-ABA0-0543A0217AD4}"
EndProject
Global
	GlobalSection(SolutionConfigurationPlatforms) = preSolution
		Debug|Any CPU = Debug|Any CPU
		Release|Any CPU = Release|Any CPU
	EndGlobalSection
	GlobalSection(ProjectConfigurationPlatforms) = postSolution
		{8A05F954-84D1-49F6-ABA0-0543A0217AD4}.Debug|Any CPU.ActiveCfg = Debug|Any CPU
		{8A05F954-84D1-49F6-ABA0-0543A0217AD4}.Debug|Any CPU.Build.0 = Debug|Any CPU
		{8A05F954-84D1-49F6-ABA0-0543A0217AD4}.Release|Any CPU.ActiveCfg = Release|Any CPU
		{8A05F954-84D1-49F6-ABA0-0543A0217AD4}.Release|Any CPU.Build.0 = Release|Any CPU
	EndGlobalSection
	GlobalSection(SolutionProperties) = preSolution
		HideSolutionNode = FALSE
	EndGlobalSection
	GlobalSection(ExtensibilityGlobals) = postSolution
		SolutionGuid = {48F6C0F8-1914-4456-84DC-4D24DDD47F1B}
	EndGlobalSection
EndGlobal
